
Microsoft Visual Studio Solution File, Format Version 12.00
# Visual Studio Version 17
VisualStudioVersion = 17.11.35312.102
MinimumVisualStudioVersion = 10.0.40219.1
Project("{FAE04EC0-301F-11D3-BF4B-00C04F79EFBC}") = "hw-5-WPF", "hw-5-WPF\hw-5-WPF.csproj", "{813A2DAE-2572-4DDB-B3D8-51ED8B439418}"
EndProject
Global
	GlobalSection(SolutionConfigurationPlatforms) = preSolution
		Debug|Any CPU = Debug|Any CPU
		Release|Any CPU = Release|Any CPU
	EndGlobalSection
	GlobalSection(ProjectConfigurationPlatforms) = postSolution
		{813A2DAE-2572-4DDB-B3D8-51ED8B439418}.Debug|Any CPU.ActiveCfg = Debug|Any CPU
		{813A2DAE-2572-4DDB-B3D8-51ED8B439418}.Debug|Any CPU.Build.0 = Debug|Any CPU
		{813A2DAE-2572-4DDB-B3D8-51ED8B439418}.Release|Any CPU.ActiveCfg = Release|Any CPU
		{813A2DAE-2572-4DDB-B3D8-51ED8B439418}.Release|Any CPU.Build.0 = Release|Any CPU
	EndGlobalSection
	GlobalSection(SolutionProperties) = preSolution
		HideSolutionNode = FALSE
	EndGlobalSection
	GlobalSection(ExtensibilityGlobals) = postSolution
		SolutionGuid = {8534638A-76EF-47D0-827E-565DA3EEDC53}
	EndGlobalSection
EndGlobal
